PackratFormat: 1.4
PackratVersion: 0.7.0
RVersion: 4.1.1
Repos: CRAN=https://ftp.cc.uoc.gr/mirrors/CRAN

Package: Formula
Source: CRAN
Version: 1.2-4
Hash: 208d48abc33780ec48578c904315e261

Package: Hmisc
Source: CRAN
Version: 4.7-0
Hash: e39dc20625c10bee36f40bf65cb2c199
Requires: base64enc, ggplot2, gridExtra, gtable, htmlTable, htmltools,
    latticeExtra, viridis, Formula, data.table

Package: R.methodsS3
Source: CRAN
Version: 1.8.2
Hash: 3a58d8c2b2990638fb9752e4c409e8c1

Package: R.oo
Source: CRAN
Version: 1.25.0
Hash: 7041b6e288f06baec6120dd6185bebb5
Requires: R.methodsS3

Package: R.utils
Source: CRAN
Version: 2.12.0
Hash: 1cdf0e90bb7b77cb3796957b57d2c20b
Requires: R.methodsS3, R.oo

Package: R6
Source: CRAN
Version: 2.5.1
Hash: 54378e523d0281f8d38c379484a3b7b5

Package: RColorBrewer
Source: CRAN
Version: 1.1-3
Hash: c25e77c542c7cfa38c99c348677c62fc

Package: Rcpp
Source: CRAN
Version: 1.0.9
Hash: b772bf0eecdcd073c533738e7d2c241b

Package: RcppEigen
Source: CRAN
Version: 0.3.3.9.2
Hash: e2516db9e6bf71415639161ef201f51a
Requires: Rcpp

Package: askpass
Source: CRAN
Version: 1.1
Hash: 6f6c430e3cd0dd7d48f447700f4d7e7f
Requires: sys

Package: backports
Source: CRAN
Version: 1.4.1
Hash: a7ac88d6c7250b57f53870ee2cfcd2be

Package: base64enc
Source: CRAN
Version: 0.1-3
Hash: c590d29e555926af053055e23ee79efb

Package: bit
Source: CRAN
Version: 4.0.4
Hash: 75dd3abfa313c948b007aef6dedd3c87

Package: bit64
Source: CRAN
Version: 4.0.5
Hash: f82a5f545b6ed024639c3b9358c5e19f
Requires: bit

Package: brew
Source: CRAN
Version: 1.0-7
Hash: a132223a72b66cd5de77450d48963f57

Package: brio
Source: CRAN
Version: 1.1.3
Hash: 161bbc04576cd2712c0150d69f757afe

Package: bslib
Source: CRAN
Version: 0.4.0
Hash: 91925af6f76f8d5669d067d615a97c38
Requires: rlang, jsonlite, cachem, htmltools, memoise, jquerylib, sass

Package: cachem
Source: CRAN
Version: 1.0.6
Hash: e1d5d860b02caa2f56f038b3b8259160
Requires: rlang, fastmap

Package: callr
Source: CRAN
Version: 3.7.1
Hash: 034bd426ba189b9de6e5d0bbeb6b8a8c
Requires: R6, processx

Package: cellranger
Source: CRAN
Version: 1.1.0
Hash: be9d203e7849f73818b36f93e9273c2c
Requires: tibble, rematch

Package: checkmate
Source: CRAN
Version: 2.1.0
Hash: 6f591c90f5fdc86a6ee354e5b8318262
Requires: backports

Package: cli
Source: CRAN
Version: 3.3.0
Hash: ea370f88dddadbefeecd6cc4adbc6495
Requires: glue

Package: clipr
Source: CRAN
Version: 0.8.0
Hash: f8ae5e8ad6b3e416249379deec7e9c6f

Package: collections
Source: CRAN
Version: 0.3.5
Hash: 44370b3411f6000bfd6aab0524145f8f

Package: colorspace
Source: CRAN
Version: 2.0-3
Hash: fa1063854efff0a00b5fad89e2f20f47

Package: commonmark
Source: CRAN
Version: 1.8.0
Hash: 53fe90d17c46c6919b0f37e2e882975b

Package: corrplot
Source: CRAN
Version: 0.92
Hash: 4ee7c2290d1b7747bdd9a77ccd2f3d11

Package: cpp11
Source: CRAN
Version: 0.4.2
Hash: fb849cc15463edbe2435b0ef5d110294

Package: crayon
Source: CRAN
Version: 1.5.1
Hash: e4ec1fd3175c5d12561f59885cfe5acb

Package: curl
Source: CRAN
Version: 4.3.2
Hash: d86657acb12374a8e24ed4568ed63359

Package: data.table
Source: CRAN
Version: 1.14.2
Hash: 6e09e74cc9e29021c9e95fe7ed38dc68

Package: deldir
Source: CRAN
Version: 1.0-6
Hash: 5a54e06070f06fb91de983570b295931

Package: desc
Source: CRAN
Version: 1.4.1
Hash: 6ebcf66d42e2bd14b17eecd30b80881e
Requires: R6, cli, rprojroot

Package: diffobj
Source: CRAN
Version: 0.3.5
Hash: 578796bf3d5e5bcbc07e9886a1d6a4d2
Requires: crayon

Package: digest
Source: CRAN
Version: 0.6.29
Hash: 071cc93357d7c2a5812d5cf348ce3272

Package: ellipsis
Source: CRAN
Version: 0.3.2
Hash: b21bfc48556c0c6a93fc9ede6c00cfaf
Requires: rlang

Package: evaluate
Source: CRAN
Version: 0.15
Hash: 54a19ff5cec28312ebbdebad9d845315

Package: fansi
Source: CRAN
Version: 1.0.3
Hash: cfa9c28454eeca1e082fe045a8fe6440

Package: farver
Source: CRAN
Version: 2.1.1
Hash: a85360b64e558178d3017d7744895bf6

Package: fastmap
Source: CRAN
Version: 1.1.0
Hash: e4d212b14d40b91c791c0b9d3b6ffd99

Package: ff
Source: CRAN
Version: 4.0.7
Hash: 3856196444045678b210035f192685ef
Requires: bit

Package: fontawesome
Source: CRAN
Version: 0.3.0
Hash: ca5888c2f02c26897ea39a3bfa7a24cf
Requires: rlang, htmltools

Package: fs
Source: CRAN
Version: 1.5.2
Hash: ee8c2601709c5937c283cdcb2625fdd9

Package: gdata
Source: CRAN
Version: 2.18.0.1
Hash: b4fcbfab7c781794e1c830503dc7f56b
Requires: gtools

Package: generics
Source: CRAN
Version: 0.1.3
Hash: a6c0d980f278aa9014c38d0d12d87a69

Package: ggplot2
Source: CRAN
Version: 3.3.6
Hash: 74a26a3a6d317be101b0c2574479ad4f
Requires: digest, glue, rlang, tibble, gtable, isoband, withr, scales

Package: glue
Source: CRAN
Version: 1.6.2
Hash: 830d10f9f46e05aadfe458d2d31849e7

Package: gmm
Source: CRAN
Version: 1.6-6
Hash: 577a229f82d4a2ac6d692b2d3c846e94
Requires: sandwich

Package: gridExtra
Source: CRAN
Version: 2.3
Hash: fa977bc1aab5588a08123b10ceb1ad3d
Requires: gtable

Package: gtable
Source: CRAN
Version: 0.3.0
Hash: a9e7b0666eb933a0cb36779240b4462e

Package: gtools
Source: CRAN
Version: 3.9.3
Hash: 981397c3411cb0b098759f8671613260

Package: highr
Source: CRAN
Version: 0.9
Hash: 375daf47b5970a62560496bb8c6b996e
Requires: xfun

Package: hms
Source: CRAN
Version: 1.1.1
Hash: 788cba0290407b815f3c15e6967079cd
Requires: pkgconfig, rlang, ellipsis, lifecycle, vctrs

Package: hornpa
Source: CRAN
Version: 1.1.0
Hash: 9ecc0f1ad1f8d8581015490441a83209

Package: htmlTable
Source: CRAN
Version: 2.4.1
Hash: 48739b9633913e29743d6271e9170d1a
Requires: htmltools, magrittr, rstudioapi, checkmate, stringr,
    htmlwidgets, knitr

Package: htmltools
Source: CRAN
Version: 0.5.3
Hash: 4515f29ee2fde0ba82e76a1f67f49e3a
Requires: fastmap, rlang, base64enc, digest

Package: htmlwidgets
Source: CRAN
Version: 1.5.4
Hash: 63ef3b783eb7653d212a0f3f22a5f98d
Requires: htmltools, jsonlite, yaml

Package: interp
Source: CRAN
Version: 1.1-3
Hash: c4b7dcf254eb20a65e2fe28e1ff60295
Requires: Rcpp, deldir, RcppEigen

Package: isoband
Source: CRAN
Version: 0.2.5
Hash: 15170dedd197ee88139ce1845ecce097

Package: jpeg
Source: CRAN
Version: 0.1-9
Hash: 583659e7c6b23e4c1d309a6fc7972174

Package: jquerylib
Source: CRAN
Version: 0.1.4
Hash: 338eb4374296b76bdee1e463c810113d
Requires: htmltools

Package: jsonlite
Source: CRAN
Version: 1.8.0
Hash: 96d93923e6415b426b7ed4390aa02b8e

Package: knitr
Source: CRAN
Version: 1.39
Hash: 52b0266c29290f0f7511ecf93744bc07
Requires: stringr, yaml, evaluate, xfun, highr

Package: labeling
Source: CRAN
Version: 0.4.2
Hash: 7474c78957f4e01d1dd4c04217eab244

Package: later
Source: CRAN
Version: 1.3.0
Hash: e400d7acc98d75885d145c68dcdbadb2
Requires: Rcpp, rlang

Package: latticeExtra
Source: CRAN
Version: 0.6-30
Hash: 07a18ce9b9d92306b8f09b3bb8eb1e8a
Requires: RColorBrewer, jpeg, png, interp

Package: lazyeval
Source: CRAN
Version: 0.2.2
Hash: 563563691bea3cde6945a98996d7c166

Package: lifecycle
Source: CRAN
Version: 1.0.1
Hash: 30efedcf3d4478fe2e755b3b256f809a
Requires: rlang, glue

Package: magrittr
Source: CRAN
Version: 2.0.3
Hash: b323532bfd2fe948d0eb19afa866cb12

Package: markdown
Source: CRAN
Version: 1.1
Hash: 1b6a18fd395589425e338a47b999099f
Requires: xfun, mime

Package: memoise
Source: CRAN
Version: 2.0.1
Hash: fa0687ee20196d8aa4e2d724cb0f7199
Requires: cachem, rlang

Package: mime
Source: CRAN
Version: 0.12
Hash: 98a37137be334916af8af26354bb37e9

Package: minpack.lm
Source: CRAN
Version: 1.2-2
Hash: e2245df656c7215ce4a4643a3aa58e20

Package: minqa
Source: CRAN
Version: 1.2.4
Hash: 51b21cd134003a56945e2aa2bc5a64b9
Requires: Rcpp

Package: munsell
Source: CRAN
Version: 0.5.0
Hash: 38d0efee9bb99bef143bde41c4ce715c
Requires: colorspace

Package: mvtnorm
Source: CRAN
Version: 1.1-3
Hash: fec6d3ac6c3ed5a096c465dcf4cd0606

Package: openssl
Source: CRAN
Version: 2.0.2
Hash: 28e896922fbb14bfa5156293c20d48a7
Requires: askpass

Package: openxlsx
Source: CRAN
Version: 4.2.5
Hash: b0289aded25acfe1c15680c5e0ecd897
Requires: Rcpp, stringi, zip

Package: packrat
Source: CRAN
Version: 0.7.0
Hash: 3d49688287bd2246cd8a58e233be39d5

Package: phosphoricons
Source: CRAN
Version: 0.1.2
Hash: 5be80653c9d418399ec35ef5a29eda7a
Requires: htmltools

Package: pillar
Source: CRAN
Version: 1.8.0
Hash: 81c4e13092c25997e99483b25632c902
Requires: cli, glue, lifecycle, rlang, vctrs, fansi, utf8

Package: pkgconfig
Source: CRAN
Version: 2.0.3
Hash: 5ff5f2361851a49534c96caa2a8071c7

Package: pls
Source: CRAN
Version: 2.8-1
Hash: e5fdc3d4d76c7d557b0f1d6bc82b284a

Package: png
Source: CRAN
Version: 0.1-7
Hash: 421d7d6e0fb4bd885ecbd909b6456b8b

Package: praise
Source: CRAN
Version: 1.0.0
Hash: 77da8f1df873a4b91e5c4a68fe2fb1b6

Package: prettyunits
Source: CRAN
Version: 1.1.1
Hash: 20669cd8bb8b3207f6371edf8cf510af

Package: processx
Source: CRAN
Version: 3.7.0
Hash: 68ff531b3fa15c33c76cec0d31abae2a
Requires: R6, ps

Package: progress
Source: CRAN
Version: 1.2.2
Hash: 209280eb751acf5899f7c69366e14bd3
Requires: R6, hms, crayon, prettyunits

Package: promises
Source: CRAN
Version: 1.2.0.1
Hash: 6300096113a47534d86021ee4443a50a
Requires: R6, Rcpp, later, magrittr, rlang

Package: propagate
Source: CRAN
Version: 1.0-6
Hash: 24ff3fa00c23f7f09a18af38a16c7b3b
Requires: Rcpp, tmvtnorm, minpack.lm, ff

Package: ps
Source: CRAN
Version: 1.7.1
Hash: b3a1dee66d90ac4da57270cdd05e1988

Package: purrr
Source: CRAN
Version: 0.3.4
Hash: fb4c0edca61826ca0b5b33c828a7b276
Requires: magrittr, rlang

Package: rappdirs
Source: CRAN
Version: 0.3.3
Hash: fd602edfd7dbf365642e35dd9cc97958

Package: reactR
Source: CRAN
Version: 0.4.4
Hash: 396056f6211cc084b90ce8363dcc1817
Requires: htmltools

Package: readxl
Source: CRAN
Version: 1.4.1
Hash: b5c1867ebab7cc184825dde18f8e49d7
Requires: cellranger, progress, tibble, cpp11

Package: rematch
Source: CRAN
Version: 1.0.1
Hash: ad4faf59e7611117ff165817074c50c7

Package: remotes
Source: CRAN
Version: 2.4.2
Hash: ab3e23455f6ed9282b5d90845eb35da8

Package: rex
Source: CRAN
Version: 1.2.1
Hash: 931b33c8f97496a25fe317d258b256a3
Requires: lazyeval

Package: rlang
Source: CRAN
Version: 1.0.4
Hash: de1f23a4308971a7845388d5e1243d38

Package: rmarkdown
Source: CRAN
Version: 2.14
Hash: cc514dae1dc452ec2ffd6d170a462b27
Requires: bslib, evaluate, htmltools, jquerylib, jsonlite, knitr,
    stringr, xfun, yaml, tinytex

Package: rprojroot
Source: CRAN
Version: 2.0.3
Hash: 8acc72d6d4f64fe01e2af6f7ee383e6e

Package: rstudioapi
Source: CRAN
Version: 0.13
Hash: dab1619920bed1f1660a3d48e4f7cc7f

Package: sandwich
Source: CRAN
Version: 3.0-2
Hash: 5f84f1e63a9826cee80193d61935f308
Requires: zoo

Package: sass
Source: CRAN
Version: 0.4.2
Hash: 52eda2b8c149eb474400d8f085ca55d6
Requires: htmltools, rlang, R6, fs, rappdirs

Package: scales
Source: CRAN
Version: 1.2.0
Hash: 3acd17505a1c6087b1f1052859edfa4f
Requires: R6, RColorBrewer, lifecycle, rlang, farver, labeling,
    viridisLite, munsell

Package: selectr
Source: CRAN
Version: 0.4-2
Hash: b915e37654e476cbad2ceb063a2b8edb
Requires: R6, stringr

Package: sourcetools
Source: CRAN
Version: 0.1.7
Hash: d093478ac90064e670cd4bf1a99b47b6

Package: stringi
Source: CRAN
Version: 1.7.6
Hash: 81acb1046bfde93c2f07f71fb7dc2360

Package: stringr
Source: CRAN
Version: 1.4.0
Hash: 67da32dbb2a7a16f2ef124336358e54a
Requires: glue, magrittr, stringi

Package: svglite
Source: CRAN
Version: 2.1.0
Hash: be886e97db9cc38d003780c6bd730499
Requires: cpp11, systemfonts

Package: sys
Source: CRAN
Version: 3.4
Hash: 7fb0c9e1209a804b329a7df3cd422008

Package: systemfonts
Source: CRAN
Version: 1.0.4
Hash: 0b818965a30720aa2ebe79da54cec193
Requires: cpp11

Package: tibble
Source: CRAN
Version: 3.1.8
Hash: 09424424f61003d93b7554d8575949cb
Requires: fansi, lifecycle, magrittr, pillar, pkgconfig, rlang, vctrs

Package: tinytex
Source: CRAN
Version: 0.40
Hash: 61b5c96aeac803dbb6250e695d280bd9
Requires: xfun

Package: tmvtnorm
Source: CRAN
Version: 1.5
Hash: 54d3b8fc2cb84f90d390596b8dffce9c
Requires: gmm, mvtnorm

Package: truncnorm
Source: CRAN
Version: 1.0-8
Hash: a5534b63255de05674140b3fc8c0e895

Package: tzdb
Source: CRAN
Version: 0.3.0
Hash: d2a435d88d7342fed9565f1b0ec26d91
Requires: cpp11

Package: utf8
Source: CRAN
Version: 1.2.2
Hash: ae77ea6ebb503eaa6ee3b7ca80ea4f1b

Package: vctrs
Source: CRAN
Version: 0.4.1
Hash: 3c180c5b05bf27b28b1bce7a0068ee8b
Requires: glue, rlang, cli

Package: viridis
Source: CRAN
Version: 0.6.2
Hash: 408766ecfc2ed335910ba58c262da654
Requires: ggplot2, viridisLite, gridExtra

Package: viridisLite
Source: CRAN
Version: 0.4.0
Hash: aeccc8c24d26192f4043be0c69151b96

Package: withr
Source: CRAN
Version: 2.5.0
Hash: 29582655324ddde71118021f0b1b93aa

Package: xfun
Source: CRAN
Version: 0.31
Hash: 6b64834032fd23354eacb742e2db0d06

Package: xml2
Source: CRAN
Version: 1.3.3
Hash: cef8db3a417c45d9fa118412f7b10e92

Package: xmlparsedata
Source: CRAN
Version: 1.0.5
Hash: 8bdeb0f2660bd54ebaaee58188b1f31e

Package: xtable
Source: CRAN
Version: 1.8-4
Hash: dc0d47261b678d26032363bebd050540

Package: xts
Source: CRAN
Version: 0.12.1
Hash: 9b1551063063ada0507836163d90d50c
Requires: zoo

Package: yaml
Source: CRAN
Version: 2.3.5
Hash: 006ce2bd0f10a964ab59745f81434037

Package: zip
Source: CRAN
Version: 2.2.0
Hash: 7a2bdad5f5de31294483fb4ac4e1e0c0

Package: zoo
Source: CRAN
Version: 1.8-10
Hash: 88af19da068806efcf355739cc96c1a5
